
Microsoft Visual Studio Solution File, Format Version 12.00
# Visual Studio Version 16
VisualStudioVersion = 16.0.30002.166
MinimumVisualStudioVersion = 10.0.40219.1
Project("{9A19103F-16F7-4668-BE54-9A1E7A4F7556}") = "SimpleOcelotApiGateway", "SimpleOcelotApiGateway\SimpleOcelotApiGateway.csproj", "{DC42E14F-001A-45D5-BDCA-3453381CD6AB}"
EndProject
Project("{2150E333-8FDC-42A3-9474-1A3956D46DE8}") = "Services", "Services", "{544E0FC8-D0FA-4177-82A7-86F1186147C8}"
EndProject
Project("{9A19103F-16F7-4668-BE54-9A1E7A4F7556}") = "WeatherForecast.API", "Services\WeatherForecast.API\WeatherForecast.API.csproj", "{1B5B893F-0129-439D-814A-26A252873B29}"
EndProject
Project("{E53339B2-1760-4266-BCC7-CA923CBCF16C}") = "docker-compose", "docker-compose.dcproj", "{82A84847-DCA8-47D7-8646-1954E917D08B}"
EndProject
Project("{FAE04EC0-301F-11D3-BF4B-00C04F79EFBC}") = "WhetherForecast.API", "WhetherForecast.API\WhetherForecast.API.csproj", "{A009FF75-FDDE-4C08-993D-27B5F9627915}"
EndProject
Global
	GlobalSection(SolutionConfigurationPlatforms) = preSolution
		Debug|Any CPU = Debug|Any CPU
		Release|Any CPU = Release|Any CPU
	EndGlobalSection
	GlobalSection(ProjectConfigurationPlatforms) = postSolution
		{DC42E14F-001A-45D5-BDCA-3453381CD6AB}.Debug|Any CPU.ActiveCfg = Debug|Any CPU
		{DC42E14F-001A-45D5-BDCA-3453381CD6AB}.Debug|Any CPU.Build.0 = Debug|Any CPU
		{DC42E14F-001A-45D5-BDCA-3453381CD6AB}.Release|Any CPU.ActiveCfg = Release|Any CPU
		{DC42E14F-001A-45D5-BDCA-3453381CD6AB}.Release|Any CPU.Build.0 = Release|Any CPU
		{1B5B893F-0129-439D-814A-26A252873B29}.Debug|Any CPU.ActiveCfg = Debug|Any CPU
		{1B5B893F-0129-439D-814A-26A252873B29}.Debug|Any CPU.Build.0 = Debug|Any CPU
		{1B5B893F-0129-439D-814A-26A252873B29}.Release|Any CPU.ActiveCfg = Release|Any CPU
		{1B5B893F-0129-439D-814A-26A252873B29}.Release|Any CPU.Build.0 = Release|Any CPU
		{82A84847-DCA8-47D7-8646-1954E917D08B}.Debug|Any CPU.ActiveCfg = Debug|Any CPU
		{82A84847-DCA8-47D7-8646-1954E917D08B}.Debug|Any CPU.Build.0 = Debug|Any CPU
		{82A84847-DCA8-47D7-8646-1954E917D08B}.Release|Any CPU.ActiveCfg = Release|Any CPU
		{82A84847-DCA8-47D7-8646-1954E917D08B}.Release|Any CPU.Build.0 = Release|Any CPU
		{A009FF75-FDDE-4C08-993D-27B5F9627915}.Debug|Any CPU.ActiveCfg = Debug|Any CPU
		{A009FF75-FDDE-4C08-993D-27B5F9627915}.Debug|Any CPU.Build.0 = Debug|Any CPU
		{A009FF75-FDDE-4C08-993D-27B5F9627915}.Release|Any CPU.ActiveCfg = Release|Any CPU
		{A009FF75-FDDE-4C08-993D-27B5F9627915}.Release|Any CPU.Build.0 = Release|Any CPU
	EndGlobalSection
	GlobalSection(SolutionProperties) = preSolution
		HideSolutionNode = FALSE
	EndGlobalSection
	GlobalSection(NestedProjects) = preSolution
		{1B5B893F-0129-439D-814A-26A252873B29} = {544E0FC8-D0FA-4177-82A7-86F1186147C8}
		{A009FF75-FDDE-4C08-993D-27B5F9627915} = {544E0FC8-D0FA-4177-82A7-86F1186147C8}
	EndGlobalSection
	GlobalSection(ExtensibilityGlobals) = postSolution
		SolutionGuid = {9D5CA342-DCE8-4D42-BB9B-17A59E075336}
	EndGlobalSection
EndGlobal
